# THIS IS AN AUTOGENERATED FILE. DO NOT EDIT THIS FILE DIRECTLY.
# yarn lockfile v1


"@alloc/quick-lru@^5.2.0":
  version "5.2.0"
  resolved "https://registry.npmjs.org/@alloc/quick-lru/-/quick-lru-5.2.0.tgz"
  integrity sha512-UrcABB+4bUrFABwbluTIBErXwvbsU/V7TZWfmbgJfbkwiBuziS9gxdODUyuiecfdGQ85jglMW6juS3+z5TsKLw==

"@emnapi/core@^1.4.3", "@emnapi/core@^1.4.5":
  version "1.5.0"
  resolved "https://registry.yarnpkg.com/@emnapi/core/-/core-1.5.0.tgz#85cd84537ec989cebb2343606a1ee663ce4edaf0"
  integrity sha512-sbP8GzB1WDzacS8fgNPpHlp6C9VZe+SJP3F90W9rLemaQj2PzIuTEl1qDOYQf58YIpyjViI24y9aPWCjEzY2cg==
  dependencies:
    "@emnapi/wasi-threads" "1.1.0"
    tslib "^2.4.0"

"@emnapi/runtime@^1.4.3", "@emnapi/runtime@^1.4.5":
  version "1.5.0"
  resolved "https://registry.yarnpkg.com/@emnapi/runtime/-/runtime-1.5.0.tgz#9aebfcb9b17195dce3ab53c86787a6b7d058db73"
  integrity sha512-97/BJ3iXHww3djw6hYIfErCZFee7qCtrneuLa20UXFCOTCfBM2cvQHjWJ2EG0s0MtdNwInarqCTz35i4wWXHsQ==
  dependencies:
    tslib "^2.4.0"

"@emnapi/wasi-threads@1.1.0", "@emnapi/wasi-threads@^1.0.4":
  version "1.1.0"
  resolved "https://registry.yarnpkg.com/@emnapi/wasi-threads/-/wasi-threads-1.1.0.tgz#60b2102fddc9ccb78607e4a3cf8403ea69be41bf"
  integrity sha512-WI0DdZ8xFSbgMjR1sFsKABJ/C5OnRrjT06JXbZKexJGrDuPTzZdDYfFlsgcCXCyf+suG5QU2e/y1Wo2V/OapLQ==
  dependencies:
    tslib "^2.4.0"

"@isaacs/fs-minipass@^4.0.0":
  version "4.0.1"
  resolved "https://registry.npmjs.org/@isaacs/fs-minipass/-/fs-minipass-4.0.1.tgz"
  integrity sha512-wgm9Ehl2jpeqP3zw/7mo3kRHFp5MEDhqAdwy1fTGkHAwnkGOVsgpvQhL8B5n1qlb01jV3n/bI0ZfZp5lWA1k4w==
  dependencies:
    minipass "^7.0.4"

"@jridgewell/gen-mapping@^0.3.5":
  version "0.3.13"
  resolved "https://registry.npmjs.org/@jridgewell/gen-mapping/-/gen-mapping-0.3.13.tgz"
  integrity sha512-2kkt/7niJ6MgEPxF0bYdQ6etZaA+fQvDcLKckhy1yIQOzaoKjBBjSj63/aLVjYE3qhRt5dvM+uUyfCg6UKCBbA==
  dependencies:
    "@jridgewell/sourcemap-codec" "^1.5.0"
    "@jridgewell/trace-mapping" "^0.3.24"

"@jridgewell/remapping@^2.3.4":
  version "2.3.5"
  resolved "https://registry.npmjs.org/@jridgewell/remapping/-/remapping-2.3.5.tgz"
  integrity sha512-LI9u/+laYG4Ds1TDKSJW2YPrIlcVYOwi2fUC6xB43lueCjgxV4lffOCZCtYFiH6TNOX+tQKXx97T4IKHbhyHEQ==
  dependencies:
    "@jridgewell/gen-mapping" "^0.3.5"
    "@jridgewell/trace-mapping" "^0.3.24"

"@jridgewell/resolve-uri@^3.1.0":
  version "3.1.2"
  resolved "https://registry.npmjs.org/@jridgewell/resolve-uri/-/resolve-uri-3.1.2.tgz"
  integrity sha512-bRISgCIjP20/tbWSPWMEi54QVPRZExkuD9lJL+UIxUKtwVJA8wW1Trb1jMs1RFXo1CBTNZ/5hpC9QvmKWdopKw==

"@jridgewell/sourcemap-codec@^1.4.14", "@jridgewell/sourcemap-codec@^1.5.0", "@jridgewell/sourcemap-codec@^1.5.5":
  version "1.5.5"
  resolved "https://registry.npmjs.org/@jridgewell/sourcemap-codec/-/sourcemap-codec-1.5.5.tgz"
  integrity sha512-cYQ9310grqxueWbl+WuIUIaiUaDcj7WOq5fVhEljNVgRfOUhY9fy2zTvfoqWsnebh8Sl70VScFbICvJnLKB0Og==

"@jridgewell/trace-mapping@^0.3.24":
  version "0.3.31"
  resolved "https://registry.npmjs.org/@jridgewell/trace-mapping/-/trace-mapping-0.3.31.tgz"
  integrity sha512-zzNR+SdQSDJzc8joaeP8QQoCQr8NuYx2dIIytl1QeBEZHJ9uW6hebsrYgbz8hJwUQao3TWCMtmfV8Nu1twOLAw==
  dependencies:
    "@jridgewell/resolve-uri" "^3.1.0"
    "@jridgewell/sourcemap-codec" "^1.4.14"

"@napi-rs/wasm-runtime@^0.2.12":
  version "0.2.12"
  resolved "https://registry.yarnpkg.com/@napi-rs/wasm-runtime/-/wasm-runtime-0.2.12.tgz#3e78a8b96e6c33a6c517e1894efbd5385a7cb6f2"
  integrity sha512-ZVWUcfwY4E/yPitQJl481FjFo3K22D6qF0DuFH6Y/nbnE11GY5uguDxZMGXPQ8WQ0128MXQD7TnfHyK4oWoIJQ==
  dependencies:
    "@emnapi/core" "^1.4.3"
    "@emnapi/runtime" "^1.4.3"
    "@tybys/wasm-util" "^0.10.0"

"@next/env@14.2.16":
  version "14.2.16"
  resolved "https://registry.npmjs.org/@next/env/-/env-14.2.16.tgz"
  integrity sha512-fLrX5TfJzHCbnZ9YUSnGW63tMV3L4nSfhgOQ0iCcX21Pt+VSTDuaLsSuL8J/2XAiVA5AnzvXDpf6pMs60QxOag==

"@next/swc-darwin-arm64@14.2.16":
  version "14.2.16"
  resolved "https://registry.npmjs.org/@next/swc-darwin-arm64/-/swc-darwin-arm64-14.2.16.tgz"
  integrity sha512-uFT34QojYkf0+nn6MEZ4gIWQ5aqGF11uIZ1HSxG+cSbj+Mg3+tYm8qXYd3dKN5jqKUm5rBVvf1PBRO/MeQ6rxw==

"@next/swc-darwin-x64@14.2.16":
  version "14.2.16"
  resolved "https://registry.yarnpkg.com/@next/swc-darwin-x64/-/swc-darwin-x64-14.2.16.tgz#c6307af69699583ef39b41b182bed76a3c2c9461"
  integrity sha512-mCecsFkYezem0QiZlg2bau3Xul77VxUD38b/auAjohMA22G9KTJneUYMv78vWoCCFkleFAhY1NIvbyjj1ncG9g==

"@next/swc-linux-arm64-gnu@14.2.16":
  version "14.2.16"
  resolved "https://registry.yarnpkg.com/@next/swc-linux-arm64-gnu/-/swc-linux-arm64-gnu-14.2.16.tgz#47a74cb824cb185840f6fbea90dec9fc7a248a33"
  integrity sha512-yhkNA36+ECTC91KSyZcgWgKrYIyDnXZj8PqtJ+c2pMvj45xf7y/HrgI17hLdrcYamLfVt7pBaJUMxADtPaczHA==

"@next/swc-linux-arm64-musl@14.2.16":
  version "14.2.16"
  resolved "https://registry.yarnpkg.com/@next/swc-linux-arm64-musl/-/swc-linux-arm64-musl-14.2.16.tgz#bbbdaab8aa939d12fd3b3b9ad84f6f3964cafeb4"
  integrity sha512-X2YSyu5RMys8R2lA0yLMCOCtqFOoLxrq2YbazFvcPOE4i/isubYjkh+JCpRmqYfEuCVltvlo+oGfj/b5T2pKUA==

"@next/swc-linux-x64-gnu@14.2.16":
  version "14.2.16"
  resolved "https://registry.yarnpkg.com/@next/swc-linux-x64-gnu/-/swc-linux-x64-gnu-14.2.16.tgz#df9f542c9391f8ce32979ee32cff4773f92cd712"
  integrity sha512-9AGcX7VAkGbc5zTSa+bjQ757tkjr6C/pKS7OK8cX7QEiK6MHIIezBLcQ7gQqbDW2k5yaqba2aDtaBeyyZh1i6Q==

"@next/swc-linux-x64-musl@14.2.16":
  version "14.2.16"
  resolved "https://registry.yarnpkg.com/@next/swc-linux-x64-musl/-/swc-linux-x64-musl-14.2.16.tgz#4c7792fbd67561d06228ec6a4de73faf22f40d47"
  integrity sha512-Klgeagrdun4WWDaOizdbtIIm8khUDQJ/5cRzdpXHfkbY91LxBXeejL4kbZBrpR/nmgRrQvmz4l3OtttNVkz2Sg==

"@next/swc-win32-arm64-msvc@14.2.16":
  version "14.2.16"
  resolved "https://registry.yarnpkg.com/@next/swc-win32-arm64-msvc/-/swc-win32-arm64-msvc-14.2.16.tgz#d556ba513ec78452239e295d0b9096ba0053e631"
  integrity sha512-PwW8A1UC1Y0xIm83G3yFGPiOBftJK4zukTmk7DI1CebyMOoaVpd8aSy7K6GhobzhkjYvqS/QmzcfsWG2Dwizdg==

"@next/swc-win32-ia32-msvc@14.2.16":
  version "14.2.16"
  resolved "https://registry.yarnpkg.com/@next/swc-win32-ia32-msvc/-/swc-win32-ia32-msvc-14.2.16.tgz#6d093a33bc285404b1cd817959ce6129f4b32c02"
  integrity sha512-jhPl3nN0oKEshJBNDAo0etGMzv0j3q3VYorTSFqH1o3rwv1MQRdor27u1zhkgsHPNeY1jxcgyx1ZsCkDD1IHgg==

"@next/swc-win32-x64-msvc@14.2.16":
  version "14.2.16"
  resolved "https://registry.yarnpkg.com/@next/swc-win32-x64-msvc/-/swc-win32-x64-msvc-14.2.16.tgz#4d8e89f47a2ea53b040cc9fee0a351b0bb6188c4"
  integrity sha512-OA7NtfxgirCjfqt+02BqxC3MIgM/JaGjw9tOe4fyZgPsqfseNiMPnCRP44Pfs+Gpo9zPN+SXaFsgP6vk8d571A==

"@radix-ui/primitive@1.1.1":
  version "1.1.1"
  resolved "https://registry.npmjs.org/@radix-ui/primitive/-/primitive-1.1.1.tgz"
  integrity sha512-SJ31y+Q/zAyShtXJc8x83i9TYdbAfHZ++tUZnvjJJqFjzsdUnKsxPL6IEtBlxKkU7yzer//GQtZSV4GbldL3YA==

"@radix-ui/react-collection@1.1.1":
  version "1.1.1"
  resolved "https://registry.npmjs.org/@radix-ui/react-collection/-/react-collection-1.1.1.tgz"
  integrity sha512-LwT3pSho9Dljg+wY2KN2mrrh6y3qELfftINERIzBUO9e0N+t0oMTyn3k9iv+ZqgrwGkRnLpNJrsMv9BZlt2yuA==
  dependencies:
    "@radix-ui/react-compose-refs" "1.1.1"
    "@radix-ui/react-context" "1.1.1"
    "@radix-ui/react-primitive" "2.0.1"
    "@radix-ui/react-slot" "1.1.1"

"@radix-ui/react-compose-refs@1.1.1":
  version "1.1.1"
  resolved "https://registry.npmjs.org/@radix-ui/react-compose-refs/-/react-compose-refs-1.1.1.tgz"
  integrity sha512-Y9VzoRDSJtgFMUCoiZBDVo084VQ5hfpXxVE+NgkdNsjiDBByiImMZKKhxMwCbdHvhlENG6a833CbFkOQvTricw==

"@radix-ui/react-context@1.1.1":
  version "1.1.1"
  resolved "https://registry.npmjs.org/@radix-ui/react-context/-/react-context-1.1.1.tgz"
  integrity sha512-UASk9zi+crv9WteK/NU4PLvOoL3OuE6BWVKNF6hPRBtYBDXQ2u5iu3O59zUlJiTVvkyuycnqrztsHVJwcK9K+Q==

"@radix-ui/react-direction@1.1.0":
  version "1.1.0"
  resolved "https://registry.npmjs.org/@radix-ui/react-direction/-/react-direction-1.1.0.tgz"
  integrity sha512-BUuBvgThEiAXh2DWu93XsT+a3aWrGqolGlqqw5VU1kG7p/ZH2cuDlM1sRLNnY3QcBS69UIz2mcKhMxDsdewhjg==

"@radix-ui/react-id@1.1.0":
  version "1.1.0"
  resolved "https://registry.npmjs.org/@radix-ui/react-id/-/react-id-1.1.0.tgz"
  integrity sha512-EJUrI8yYh7WOjNOqpoJaf1jlFIH2LvtgAl+YcFqNCa+4hj64ZXmPkAKOFs/ukjz3byN6bdb/AVUqHkI8/uWWMA==
  dependencies:
    "@radix-ui/react-use-layout-effect" "1.1.0"

"@radix-ui/react-presence@1.1.2":
  version "1.1.2"
  resolved "https://registry.npmjs.org/@radix-ui/react-presence/-/react-presence-1.1.2.tgz"
  integrity sha512-18TFr80t5EVgL9x1SwF/YGtfG+l0BS0PRAlCWBDoBEiDQjeKgnNZRVJp/oVBl24sr3Gbfwc/Qpj4OcWTQMsAEg==
  dependencies:
    "@radix-ui/react-compose-refs" "1.1.1"
    "@radix-ui/react-use-layout-effect" "1.1.0"

"@radix-ui/react-primitive@2.0.1":
  version "2.0.1"
  resolved "https://registry.npmjs.org/@radix-ui/react-primitive/-/react-primitive-2.0.1.tgz"
  integrity sha512-sHCWTtxwNn3L3fH8qAfnF3WbUZycW93SM1j3NFDzXBiz8D6F5UTTy8G1+WFEaiCdvCVRJWj6N2R4Xq6HdiHmDg==
  dependencies:
    "@radix-ui/react-slot" "1.1.1"

"@radix-ui/react-progress@1.1.1":
  version "1.1.1"
  resolved "https://registry.npmjs.org/@radix-ui/react-progress/-/react-progress-1.1.1.tgz"
  integrity sha512-6diOawA84f/eMxFHcWut0aE1C2kyE9dOyCTQOMRR2C/qPiXz/X0SaiA/RLbapQaXUCmy0/hLMf9meSccD1N0pA==
  dependencies:
    "@radix-ui/react-context" "1.1.1"
    "@radix-ui/react-primitive" "2.0.1"

"@radix-ui/react-roving-focus@1.1.1":
  version "1.1.1"
  resolved "https://registry.npmjs.org/@radix-ui/react-roving-focus/-/react-roving-focus-1.1.1.tgz"
  integrity sha512-QE1RoxPGJ/Nm8Qmk0PxP8ojmoaS67i0s7hVssS7KuI2FQoc/uzVlZsqKfQvxPE6D8hICCPHJ4D88zNhT3OOmkw==
  dependencies:
    "@radix-ui/primitive" "1.1.1"
    "@radix-ui/react-collection" "1.1.1"
    "@radix-ui/react-compose-refs" "1.1.1"
    "@radix-ui/react-context" "1.1.1"
    "@radix-ui/react-direction" "1.1.0"
    "@radix-ui/react-id" "1.1.0"
    "@radix-ui/react-primitive" "2.0.1"
    "@radix-ui/react-use-callback-ref" "1.1.0"
    "@radix-ui/react-use-controllable-state" "1.1.0"

"@radix-ui/react-slot@1.1.1":
  version "1.1.1"
  resolved "https://registry.npmjs.org/@radix-ui/react-slot/-/react-slot-1.1.1.tgz"
  integrity sha512-RApLLOcINYJA+dMVbOju7MYv1Mb2EBp2nH4HdDzXTSyaR5optlm6Otrz1euW3HbdOR8UmmFK06TD+A9frYWv+g==
  dependencies:
    "@radix-ui/react-compose-refs" "1.1.1"

"@radix-ui/react-tabs@1.1.2":
  version "1.1.2"
  resolved "https://registry.npmjs.org/@radix-ui/react-tabs/-/react-tabs-1.1.2.tgz"
  integrity sha512-9u/tQJMcC2aGq7KXpGivMm1mgq7oRJKXphDwdypPd/j21j/2znamPU8WkXgnhUaTrSFNIt8XhOyCAupg8/GbwQ==
  dependencies:
    "@radix-ui/primitive" "1.1.1"
    "@radix-ui/react-context" "1.1.1"
    "@radix-ui/react-direction" "1.1.0"
    "@radix-ui/react-id" "1.1.0"
    "@radix-ui/react-presence" "1.1.2"
    "@radix-ui/react-primitive" "2.0.1"
    "@radix-ui/react-roving-focus" "1.1.1"
    "@radix-ui/react-use-controllable-state" "1.1.0"

"@radix-ui/react-use-callback-ref@1.1.0":
  version "1.1.0"
  resolved "https://registry.npmjs.org/@radix-ui/react-use-callback-ref/-/react-use-callback-ref-1.1.0.tgz"
  integrity sha512-CasTfvsy+frcFkbXtSJ2Zu9JHpN8TYKxkgJGWbjiZhFivxaeW7rMeZt7QELGVLaYVfFMsKHjb7Ak0nMEe+2Vfw==

"@radix-ui/react-use-controllable-state@1.1.0":
  version "1.1.0"
  resolved "https://registry.npmjs.org/@radix-ui/react-use-controllable-state/-/react-use-controllable-state-1.1.0.tgz"
  integrity sha512-MtfMVJiSr2NjzS0Aa90NPTnvTSg6C/JLCV7ma0W6+OMV78vd8OyRpID+Ng9LxzsPbLeuBnWBA1Nq30AtBIDChw==
  dependencies:
    "@radix-ui/react-use-callback-ref" "1.1.0"

"@radix-ui/react-use-layout-effect@1.1.0":
  version "1.1.0"
  resolved "https://registry.npmjs.org/@radix-ui/react-use-layout-effect/-/react-use-layout-effect-1.1.0.tgz"
  integrity sha512-+FPE0rOdziWSrH9athwI1R0HDVbWlEhd+FR+aSDk4uWGmSJ9Z54sdZVDQPZAinJhJXwfT+qnj969mCsT2gfm5w==

"@swc/counter@^0.1.3":
  version "0.1.3"
  resolved "https://registry.npmjs.org/@swc/counter/-/counter-0.1.3.tgz"
  integrity sha512-e2BR4lsJkkRlKZ/qCHPw9ZaSxc0MVUd7gtbtaB7aMvHeJVYe8sOB8DBZkP2DtISHGSku9sCK6T6cnY0CtXrOCQ==

"@swc/helpers@0.5.5":
  version "0.5.5"
  resolved "https://registry.npmjs.org/@swc/helpers/-/helpers-0.5.5.tgz"
  integrity sha512-KGYxvIOXcceOAbEk4bi/dVLEK9z8sZ0uBB3Il5b1rhfClSpcX0yfRO0KmTkqR2cnQDymwLB+25ZyMzICg/cm/A==
  dependencies:
    "@swc/counter" "^0.1.3"
    tslib "^2.4.0"

"@tailwindcss/node@4.1.13":
  version "4.1.13"
  resolved "https://registry.npmjs.org/@tailwindcss/node/-/node-4.1.13.tgz"
  integrity sha512-eq3ouolC1oEFOAvOMOBAmfCIqZBJuvWvvYWh5h5iOYfe1HFC6+GZ6EIL0JdM3/niGRJmnrOc+8gl9/HGUaaptw==
  dependencies:
    "@jridgewell/remapping" "^2.3.4"
    enhanced-resolve "^5.18.3"
    jiti "^2.5.1"
    lightningcss "1.30.1"
    magic-string "^0.30.18"
    source-map-js "^1.2.1"
    tailwindcss "4.1.13"

"@tailwindcss/oxide-android-arm64@4.1.13":
  version "4.1.13"
  resolved "https://registry.yarnpkg.com/@tailwindcss/oxide-android-arm64/-/oxide-android-arm64-4.1.13.tgz#34e02dc9bbb3902c36800c75edad3f033cd33ce3"
  integrity sha512-BrpTrVYyejbgGo57yc8ieE+D6VT9GOgnNdmh5Sac6+t0m+v+sKQevpFVpwX3pBrM2qKrQwJ0c5eDbtjouY/+ew==

"@tailwindcss/oxide-darwin-arm64@4.1.13":
  version "4.1.13"
  resolved "https://registry.npmjs.org/@tailwindcss/oxide-darwin-arm64/-/oxide-darwin-arm64-4.1.13.tgz"
  integrity sha512-YP+Jksc4U0KHcu76UhRDHq9bx4qtBftp9ShK/7UGfq0wpaP96YVnnjFnj3ZFrUAjc5iECzODl/Ts0AN7ZPOANQ==

"@tailwindcss/oxide-darwin-x64@4.1.13":
  version "4.1.13"
  resolved "https://registry.yarnpkg.com/@tailwindcss/oxide-darwin-x64/-/oxide-darwin-x64-4.1.13.tgz#259aa6d8c58c6d4fd01e856ea731924ba2afcab9"
  integrity sha512-aAJ3bbwrn/PQHDxCto9sxwQfT30PzyYJFG0u/BWZGeVXi5Hx6uuUOQEI2Fa43qvmUjTRQNZnGqe9t0Zntexeuw==

"@tailwindcss/oxide-freebsd-x64@4.1.13":
  version "4.1.13"
  resolved "https://registry.yarnpkg.com/@tailwindcss/oxide-freebsd-x64/-/oxide-freebsd-x64-4.1.13.tgz#b9987fb460ed24d4227392970e6af8e90784d434"
  integrity sha512-Wt8KvASHwSXhKE/dJLCCWcTSVmBj3xhVhp/aF3RpAhGeZ3sVo7+NTfgiN8Vey/Fi8prRClDs6/f0KXPDTZE6nQ==

"@tailwindcss/oxide-linux-arm-gnueabihf@4.1.13":
  version "4.1.13"
  resolved "https://registry.yarnpkg.com/@tailwindcss/oxide-linux-arm-gnueabihf/-/oxide-linux-arm-gnueabihf-4.1.13.tgz#ed157b7fa2ea79cc97f196383f461c9be1acc309"
  integrity sha512-mbVbcAsW3Gkm2MGwA93eLtWrwajz91aXZCNSkGTx/R5eb6KpKD5q8Ueckkh9YNboU8RH7jiv+ol/I7ZyQ9H7Bw==

"@tailwindcss/oxide-linux-arm64-gnu@4.1.13":
  version "4.1.13"
  resolved "https://registry.yarnpkg.com/@tailwindcss/oxide-linux-arm64-gnu/-/oxide-linux-arm64-gnu-4.1.13.tgz#5732ad1e5679d7d93999563e63728a813f3d121c"
  integrity sha512-wdtfkmpXiwej/yoAkrCP2DNzRXCALq9NVLgLELgLim1QpSfhQM5+ZxQQF8fkOiEpuNoKLp4nKZ6RC4kmeFH0HQ==

"@tailwindcss/oxide-linux-arm64-musl@4.1.13":
  version "4.1.13"
  resolved "https://registry.yarnpkg.com/@tailwindcss/oxide-linux-arm64-musl/-/oxide-linux-arm64-musl-4.1.13.tgz#987837bc5bf88ef84e2aef38c6cbebed0cf40d81"
  integrity sha512-hZQrmtLdhyqzXHB7mkXfq0IYbxegaqTmfa1p9MBj72WPoDD3oNOh1Lnxf6xZLY9C3OV6qiCYkO1i/LrzEdW2mg==

"@tailwindcss/oxide-linux-x64-gnu@4.1.13":
  version "4.1.13"
  resolved "https://registry.yarnpkg.com/@tailwindcss/oxide-linux-x64-gnu/-/oxide-linux-x64-gnu-4.1.13.tgz#a673731e1c8ae6e97bdacd6140ec08cdc23121fb"
  integrity sha512-uaZTYWxSXyMWDJZNY1Ul7XkJTCBRFZ5Fo6wtjrgBKzZLoJNrG+WderJwAjPzuNZOnmdrVg260DKwXCFtJ/hWRQ==

"@tailwindcss/oxide-linux-x64-musl@4.1.13":
  version "4.1.13"
  resolved "https://registry.yarnpkg.com/@tailwindcss/oxide-linux-x64-musl/-/oxide-linux-x64-musl-4.1.13.tgz#5201013bff73ab309ad5fe0ff0abe1ad51b2bd63"
  integrity sha512-oXiPj5mi4Hdn50v5RdnuuIms0PVPI/EG4fxAfFiIKQh5TgQgX7oSuDWntHW7WNIi/yVLAiS+CRGW4RkoGSSgVQ==

"@tailwindcss/oxide-wasm32-wasi@4.1.13":
  version "4.1.13"
  resolved "https://registry.yarnpkg.com/@tailwindcss/oxide-wasm32-wasi/-/oxide-wasm32-wasi-4.1.13.tgz#6af873b3417468670b88c70bcb3f6d5fa76fbaae"
  integrity sha512-+LC2nNtPovtrDwBc/nqnIKYh/W2+R69FA0hgoeOn64BdCX522u19ryLh3Vf3F8W49XBcMIxSe665kwy21FkhvA==
  dependencies:
    "@emnapi/core" "^1.4.5"
    "@emnapi/runtime" "^1.4.5"
    "@emnapi/wasi-threads" "^1.0.4"
    "@napi-rs/wasm-runtime" "^0.2.12"
    "@tybys/wasm-util" "^0.10.0"
    tslib "^2.8.0"

"@tailwindcss/oxide-win32-arm64-msvc@4.1.13":
  version "4.1.13"
  resolved "https://registry.yarnpkg.com/@tailwindcss/oxide-win32-arm64-msvc/-/oxide-win32-arm64-msvc-4.1.13.tgz#feca2e628d6eac3fb156613e53c2a3d8006b7d16"
  integrity sha512-dziTNeQXtoQ2KBXmrjCxsuPk3F3CQ/yb7ZNZNA+UkNTeiTGgfeh+gH5Pi7mRncVgcPD2xgHvkFCh/MhZWSgyQg==

"@tailwindcss/oxide-win32-x64-msvc@4.1.13":
  version "4.1.13"
  resolved "https://registry.yarnpkg.com/@tailwindcss/oxide-win32-x64-msvc/-/oxide-win32-x64-msvc-4.1.13.tgz#20db1f2dabbc6b89bda9f4af5e1ab848079ea3dc"
  integrity sha512-3+LKesjXydTkHk5zXX01b5KMzLV1xl2mcktBJkje7rhFUpUlYJy7IMOLqjIRQncLTa1WZZiFY/foAeB5nmaiTw==

"@tailwindcss/oxide@4.1.13":
  version "4.1.13"
  resolved "https://registry.npmjs.org/@tailwindcss/oxide/-/oxide-4.1.13.tgz"
  integrity sha512-CPgsM1IpGRa880sMbYmG1s4xhAy3xEt1QULgTJGQmZUeNgXFR7s1YxYygmJyBGtou4SyEosGAGEeYqY7R53bIA==
  dependencies:
    detect-libc "^2.0.4"
    tar "^7.4.3"
  optionalDependencies:
    "@tailwindcss/oxide-android-arm64" "4.1.13"
    "@tailwindcss/oxide-darwin-arm64" "4.1.13"
    "@tailwindcss/oxide-darwin-x64" "4.1.13"
    "@tailwindcss/oxide-freebsd-x64" "4.1.13"
    "@tailwindcss/oxide-linux-arm-gnueabihf" "4.1.13"
    "@tailwindcss/oxide-linux-arm64-gnu" "4.1.13"
    "@tailwindcss/oxide-linux-arm64-musl" "4.1.13"
    "@tailwindcss/oxide-linux-x64-gnu" "4.1.13"
    "@tailwindcss/oxide-linux-x64-musl" "4.1.13"
    "@tailwindcss/oxide-wasm32-wasi" "4.1.13"
    "@tailwindcss/oxide-win32-arm64-msvc" "4.1.13"
    "@tailwindcss/oxide-win32-x64-msvc" "4.1.13"

"@tailwindcss/postcss@^4.1.13":
  version "4.1.13"
  resolved "https://registry.npmjs.org/@tailwindcss/postcss/-/postcss-4.1.13.tgz"
  integrity sha512-HLgx6YSFKJT7rJqh9oJs/TkBFhxuMOfUKSBEPYwV+t78POOBsdQ7crhZLzwcH3T0UyUuOzU/GK5pk5eKr3wCiQ==
  dependencies:
    "@alloc/quick-lru" "^5.2.0"
    "@tailwindcss/node" "4.1.13"
    "@tailwindcss/oxide" "4.1.13"
    postcss "^8.4.41"
    tailwindcss "4.1.13"

"@tybys/wasm-util@^0.10.0":
  version "0.10.1"
  resolved "https://registry.yarnpkg.com/@tybys/wasm-util/-/wasm-util-0.10.1.tgz#ecddd3205cf1e2d5274649ff0eedd2991ed7f414"
  integrity sha512-9tTaPJLSiejZKx+Bmog4uSubteqTvFrVrURwkmHixBo0G4seD0zUxp98E1DzUBJxLQ3NPwXrGKDiVjwx/DpPsg==
  dependencies:
    tslib "^2.4.0"

"@types/node@^22":
  version "22.18.6"
  resolved "https://registry.npmjs.org/@types/node/-/node-22.18.6.tgz"
  integrity sha512-r8uszLPpeIWbNKtvWRt/DbVi5zbqZyj1PTmhRMqBMvDnaz1QpmSKujUtJLrqGZeoM8v72MfYggDceY4K1itzWQ==
  dependencies:
    undici-types "~6.21.0"

"@types/prop-types@*":
  version "15.7.15"
  resolved "https://registry.npmjs.org/@types/prop-types/-/prop-types-15.7.15.tgz"
  integrity sha512-F6bEyamV9jKGAFBEmlQnesRPGOQqS2+Uwi0Em15xenOxHaf2hv6L8YCVn3rPdPJOiJfPiCnLIRyvwVaqMY3MIw==

"@types/react-dom@^18":
  version "18.3.7"
  resolved "https://registry.npmjs.org/@types/react-dom/-/react-dom-18.3.7.tgz"
  integrity sha512-MEe3UeoENYVFXzoXEWsvcpg6ZvlrFNlOQ7EOsvhI3CfAXwzPfO8Qwuxd40nepsYKqyyVQnTdEfv68q91yLcKrQ==

"@types/react@^18":
  version "18.3.24"
  resolved "https://registry.npmjs.org/@types/react/-/react-18.3.24.tgz"
  integrity sha512-0dLEBsA1kI3OezMBF8nSsb7Nk19ZnsyE1LLhB8r27KbgU5H4pvuqZLdtE+aUkJVoXgTVuA+iLIwmZ0TuK4tx6A==
  dependencies:
    "@types/prop-types" "*"
    csstype "^3.0.2"

"@vercel/analytics@1.3.1":
  version "1.3.1"
  resolved "https://registry.npmjs.org/@vercel/analytics/-/analytics-1.3.1.tgz"
  integrity sha512-xhSlYgAuJ6Q4WQGkzYTLmXwhYl39sWjoMA3nHxfkvG+WdBT25c563a7QhwwKivEOZtPJXifYHR1m2ihoisbWyA==
  dependencies:
    server-only "^0.0.1"

busboy@1.6.0:
  version "1.6.0"
  resolved "https://registry.npmjs.org/busboy/-/busboy-1.6.0.tgz"
  integrity sha512-8SFQbg/0hQ9xy3UNTB0YEnsNBbWfhf7RtnzpL7TkBiTBRfrQ9Fxcnz7VJsleJpyp6rVLvXiuORqjlHi5q+PYuA==
  dependencies:
    streamsearch "^1.1.0"

caniuse-lite@^1.0.30001579:
  version "1.0.30001743"
  resolved "https://registry.npmjs.org/caniuse-lite/-/caniuse-lite-1.0.30001743.tgz"
  integrity sha512-e6Ojr7RV14Un7dz6ASD0aZDmQPT/A+eZU+nuTNfjqmRrmkmQlnTNWH0SKmqagx9PeW87UVqapSurtAXifmtdmw==

chownr@^3.0.0:
  version "3.0.0"
  resolved "https://registry.npmjs.org/chownr/-/chownr-3.0.0.tgz"
  integrity sha512-+IxzY9BZOQd/XuYPRmrvEVjF/nqj5kgT4kEq7VofrDoM1MxoRjEWkrCC3EtLi59TVawxTAn+orJwFQcrqEN1+g==

class-variance-authority@^0.7.1:
  version "0.7.1"
  resolved "https://registry.npmjs.org/class-variance-authority/-/class-variance-authority-0.7.1.tgz"
  integrity sha512-Ka+9Trutv7G8M6WT6SeiRWz792K5qEqIGEGzXKhAE6xOWAY6pPH8U+9IY3oCMv6kqTmLsv7Xh/2w2RigkePMsg==
  dependencies:
    clsx "^2.1.1"

client-only@0.0.1:
  version "0.0.1"
  resolved "https://registry.npmjs.org/client-only/-/client-only-0.0.1.tgz"
  integrity sha512-IV3Ou0jSMzZrd3pZ48nLkT9DA7Ag1pnPzaiQhpW7c3RbcqqzvzzVu+L8gfqMp/8IM2MQtSiqaCxrrcfu8I8rMA==

clsx@^2.1.1:
  version "2.1.1"
  resolved "https://registry.npmjs.org/clsx/-/clsx-2.1.1.tgz"
  integrity sha512-eYm0QWBtUrBWZWG0d386OGAw16Z995PiOVo2B7bjWSbHedGl5e0ZWaq65kOGgUSNesEIDkB9ISbTg/JK9dhCZA==

csstype@^3.0.2:
  version "3.1.3"
  resolved "https://registry.npmjs.org/csstype/-/csstype-3.1.3.tgz"
  integrity sha512-M1uQkMl8rQK/szD0LNhtqxIPLpimGm8sOBwU7lLnCpSbTyY3yeU1Vc7l4KT5zT4s/yOxHH5O7tIuuLOCnLADRw==

detect-libc@^2.0.3, detect-libc@^2.0.4:
  version "2.1.0"
  resolved "https://registry.npmjs.org/detect-libc/-/detect-libc-2.1.0.tgz"
  integrity sha512-vEtk+OcP7VBRtQZ1EJ3bdgzSfBjgnEalLTp5zjJrS+2Z1w2KZly4SBdac/WDU3hhsNAZ9E8SC96ME4Ey8MZ7cg==

enhanced-resolve@^5.18.3:
  version "5.18.3"
  resolved "https://registry.npmjs.org/enhanced-resolve/-/enhanced-resolve-5.18.3.tgz"
  integrity sha512-d4lC8xfavMeBjzGr2vECC3fsGXziXZQyJxD868h2M/mBI3PwAuODxAkLkq5HYuvrPYcUtiLzsTo8U3PgX3Ocww==
  dependencies:
    graceful-fs "^4.2.4"
    tapable "^2.2.0"

geist@^1.3.1:
  version "1.5.1"
  resolved "https://registry.npmjs.org/geist/-/geist-1.5.1.tgz"
  integrity sha512-mAHZxIsL2o3ZITFaBVFBnwyDOw+zNLYum6A6nIjpzCGIO8QtC3V76XF2RnZTyLx1wlDTmMDy8jg3Ib52MIjGvQ==

graceful-fs@^4.2.11, graceful-fs@^4.2.4:
  version "4.2.11"
  resolved "https://registry.npmjs.org/graceful-fs/-/graceful-fs-4.2.11.tgz"
  integrity sha512-RbJ5/jmFcNNCcDV5o9eTnBLJ/HszWV0P73bc+Ff4nS/rJj+YaS6IGyiOL0VoBYX+l1Wrl3k63h/KrH+nhJ0XvQ==

jiti@^2.5.1:
  version "2.5.1"
  resolved "https://registry.npmjs.org/jiti/-/jiti-2.5.1.tgz"
  integrity sha512-twQoecYPiVA5K/h6SxtORw/Bs3ar+mLUtoPSc7iMXzQzK8d7eJ/R09wmTwAjiamETn1cXYPGfNnu7DMoHgu12w==

"js-tokens@^3.0.0 || ^4.0.0":
  version "4.0.0"
  resolved "https://registry.npmjs.org/js-tokens/-/js-tokens-4.0.0.tgz"
  integrity sha512-RdJUflcE3cUzKiMqQgsCu06FPu9UdIJO0beYbPhHN4k6apgJtifcoCtT9bcxOpYBtpD2kCM6Sbzg4CausW/PKQ==

lightningcss-darwin-arm64@1.30.1:
  version "1.30.1"
  resolved "https://registry.npmjs.org/lightningcss-darwin-arm64/-/lightningcss-darwin-arm64-1.30.1.tgz"
  integrity sha512-c8JK7hyE65X1MHMN+Viq9n11RRC7hgin3HhYKhrMyaXflk5GVplZ60IxyoVtzILeKr+xAJwg6zK6sjTBJ0FKYQ==

lightningcss-darwin-x64@1.30.1:
  version "1.30.1"
  resolved "https://registry.yarnpkg.com/lightningcss-darwin-x64/-/lightningcss-darwin-x64-1.30.1.tgz#e81105d3fd6330860c15fe860f64d39cff5fbd22"
  integrity sha512-k1EvjakfumAQoTfcXUcHQZhSpLlkAuEkdMBsI/ivWw9hL+7FtilQc0Cy3hrx0AAQrVtQAbMI7YjCgYgvn37PzA==

lightningcss-freebsd-x64@1.30.1:
  version "1.30.1"
  resolved "https://registry.yarnpkg.com/lightningcss-freebsd-x64/-/lightningcss-freebsd-x64-1.30.1.tgz#a0e732031083ff9d625c5db021d09eb085af8be4"
  integrity sha512-kmW6UGCGg2PcyUE59K5r0kWfKPAVy4SltVeut+umLCFoJ53RdCUWxcRDzO1eTaxf/7Q2H7LTquFHPL5R+Gjyig==

lightningcss-linux-arm-gnueabihf@1.30.1:
  version "1.30.1"
  resolved "https://registry.yarnpkg.com/lightningcss-linux-arm-gnueabihf/-/lightningcss-linux-arm-gnueabihf-1.30.1.tgz#1f5ecca6095528ddb649f9304ba2560c72474908"
  integrity sha512-MjxUShl1v8pit+6D/zSPq9S9dQ2NPFSQwGvxBCYaBYLPlCWuPh9/t1MRS8iUaR8i+a6w7aps+B4N0S1TYP/R+Q==

lightningcss-linux-arm64-gnu@1.30.1:
  version "1.30.1"
  resolved "https://registry.yarnpkg.com/lightningcss-linux-arm64-gnu/-/lightningcss-linux-arm64-gnu-1.30.1.tgz#eee7799726103bffff1e88993df726f6911ec009"
  integrity sha512-gB72maP8rmrKsnKYy8XUuXi/4OctJiuQjcuqWNlJQ6jZiWqtPvqFziskH3hnajfvKB27ynbVCucKSm2rkQp4Bw==

lightningcss-linux-arm64-musl@1.30.1:
  version "1.30.1"
  resolved "https://registry.yarnpkg.com/lightningcss-linux-arm64-musl/-/lightningcss-linux-arm64-musl-1.30.1.tgz#f2e4b53f42892feeef8f620cbb889f7c064a7dfe"
  integrity sha512-jmUQVx4331m6LIX+0wUhBbmMX7TCfjF5FoOH6SD1CttzuYlGNVpA7QnrmLxrsub43ClTINfGSYyHe2HWeLl5CQ==

lightningcss-linux-x64-gnu@1.30.1:
  version "1.30.1"
  resolved "https://registry.yarnpkg.com/lightningcss-linux-x64-gnu/-/lightningcss-linux-x64-gnu-1.30.1.tgz#2fc7096224bc000ebb97eea94aea248c5b0eb157"
  integrity sha512-piWx3z4wN8J8z3+O5kO74+yr6ze/dKmPnI7vLqfSqI8bccaTGY5xiSGVIJBDd5K5BHlvVLpUB3S2YCfelyJ1bw==

lightningcss-linux-x64-musl@1.30.1:
  version "1.30.1"
  resolved "https://registry.yarnpkg.com/lightningcss-linux-x64-musl/-/lightningcss-linux-x64-musl-1.30.1.tgz#66dca2b159fd819ea832c44895d07e5b31d75f26"
  integrity sha512-rRomAK7eIkL+tHY0YPxbc5Dra2gXlI63HL+v1Pdi1a3sC+tJTcFrHX+E86sulgAXeI7rSzDYhPSeHHjqFhqfeQ==

lightningcss-win32-arm64-msvc@1.30.1:
  version "1.30.1"
  resolved "https://registry.yarnpkg.com/lightningcss-win32-arm64-msvc/-/lightningcss-win32-arm64-msvc-1.30.1.tgz#7d8110a19d7c2d22bfdf2f2bb8be68e7d1b69039"
  integrity sha512-mSL4rqPi4iXq5YVqzSsJgMVFENoa4nGTT/GjO2c0Yl9OuQfPsIfncvLrEW6RbbB24WtZ3xP/2CCmI3tNkNV4oA==

lightningcss-win32-x64-msvc@1.30.1:
  version "1.30.1"
  resolved "https://registry.yarnpkg.com/lightningcss-win32-x64-msvc/-/lightningcss-win32-x64-msvc-1.30.1.tgz#fd7dd008ea98494b85d24b4bea016793f2e0e352"
  integrity sha512-PVqXh48wh4T53F/1CCu8PIPCxLzWyCnn/9T5W1Jpmdy5h9Cwd+0YQS6/LwhHXSafuc61/xg9Lv5OrCby6a++jg==

lightningcss@1.30.1:
  version "1.30.1"
  resolved "https://registry.npmjs.org/lightningcss/-/lightningcss-1.30.1.tgz"
  integrity sha512-xi6IyHML+c9+Q3W0S4fCQJOym42pyurFiJUHEcEyHS0CeKzia4yZDEsLlqOFykxOdHpNy0NmvVO31vcSqAxJCg==
  dependencies:
    detect-libc "^2.0.3"
  optionalDependencies:
    lightningcss-darwin-arm64 "1.30.1"
    lightningcss-darwin-x64 "1.30.1"
    lightningcss-freebsd-x64 "1.30.1"
    lightningcss-linux-arm-gnueabihf "1.30.1"
    lightningcss-linux-arm64-gnu "1.30.1"
    lightningcss-linux-arm64-musl "1.30.1"
    lightningcss-linux-x64-gnu "1.30.1"
    lightningcss-linux-x64-musl "1.30.1"
    lightningcss-win32-arm64-msvc "1.30.1"
    lightningcss-win32-x64-msvc "1.30.1"

loose-envify@^1.1.0:
  version "1.4.0"
  resolved "https://registry.npmjs.org/loose-envify/-/loose-envify-1.4.0.tgz"
  integrity sha512-lyuxPGr/Wfhrlem2CL/UcnUc1zcqKAImBDzukY7Y5F/yQiNdko6+fRLevlw1HgMySw7f611UIY408EtxRSoK3Q==
  dependencies:
    js-tokens "^3.0.0 || ^4.0.0"

lucide-react@^0.454.0:
  version "0.454.0"
  resolved "https://registry.npmjs.org/lucide-react/-/lucide-react-0.454.0.tgz"
  integrity sha512-hw7zMDwykCLnEzgncEEjHeA6+45aeEzRYuKHuyRSOPkhko+J3ySGjGIzu+mmMfDFG1vazHepMaYFYHbTFAZAAQ==

magic-string@^0.30.18:
  version "0.30.19"
  resolved "https://registry.npmjs.org/magic-string/-/magic-string-0.30.19.tgz"
  integrity sha512-2N21sPY9Ws53PZvsEpVtNuSW+ScYbQdp4b9qUaL+9QkHUrGFKo56Lg9Emg5s9V/qrtNBmiR01sYhUOwu3H+VOw==
  dependencies:
    "@jridgewell/sourcemap-codec" "^1.5.5"

minipass@^7.0.4, minipass@^7.1.2:
  version "7.1.2"
  resolved "https://registry.npmjs.org/minipass/-/minipass-7.1.2.tgz"
  integrity sha512-qOOzS1cBTWYF4BH8fVePDBOO9iptMnGUEZwNc/cMWnTV2nVLZ7VoNWEPHkYczZA0pdoA7dl6e7FL659nX9S2aw==

minizlib@^3.0.1:
  version "3.0.2"
  resolved "https://registry.npmjs.org/minizlib/-/minizlib-3.0.2.tgz"
  integrity sha512-oG62iEk+CYt5Xj2YqI5Xi9xWUeZhDI8jjQmC5oThVH5JGCTgIjr7ciJDzC7MBzYd//WvR1OTmP5Q38Q8ShQtVA==
  dependencies:
    minipass "^7.1.2"

mkdirp@^3.0.1:
  version "3.0.1"
  resolved "https://registry.npmjs.org/mkdirp/-/mkdirp-3.0.1.tgz"
  integrity sha512-+NsyUUAZDmo6YVHzL/stxSu3t9YS1iljliy3BSDrXJ/dkn1KYdmtZODGGjLcc9XLgVVpH4KshHB8XmZgMhaBXg==

nanoid@^3.3.11, nanoid@^3.3.6:
  version "3.3.11"
  resolved "https://registry.npmjs.org/nanoid/-/nanoid-3.3.11.tgz"
  integrity sha512-N8SpfPUnUp1bK+PMYW8qSWdl9U+wwNWI4QKxOYDy9JAro3WMX7p2OeVRF9v+347pnakNevPmiHhNmZ2HbFA76w==

next-themes@^0.4.6:
  version "0.4.6"
  resolved "https://registry.npmjs.org/next-themes/-/next-themes-0.4.6.tgz"
  integrity sha512-pZvgD5L0IEvX5/9GWyHMf3m8BKiVQwsCMHfoFosXtXBMnaS0ZnIJ9ST4b4NqLVKDEm8QBxoNNGNaBv2JNF6XNA==

next@14.2.16:
  version "14.2.16"
  resolved "https://registry.npmjs.org/next/-/next-14.2.16.tgz"
  integrity sha512-LcO7WnFu6lYSvCzZoo1dB+IO0xXz5uEv52HF1IUN0IqVTUIZGHuuR10I5efiLadGt+4oZqTcNZyVVEem/TM5nA==
  dependencies:
    "@next/env" "14.2.16"
    "@swc/helpers" "0.5.5"
    busboy "1.6.0"
    caniuse-lite "^1.0.30001579"
    graceful-fs "^4.2.11"
    postcss "8.4.31"
    styled-jsx "5.1.1"
  optionalDependencies:
    "@next/swc-darwin-arm64" "14.2.16"
    "@next/swc-darwin-x64" "14.2.16"
    "@next/swc-linux-arm64-gnu" "14.2.16"
    "@next/swc-linux-arm64-musl" "14.2.16"
    "@next/swc-linux-x64-gnu" "14.2.16"
    "@next/swc-linux-x64-musl" "14.2.16"
    "@next/swc-win32-arm64-msvc" "14.2.16"
    "@next/swc-win32-ia32-msvc" "14.2.16"
    "@next/swc-win32-x64-msvc" "14.2.16"

picocolors@^1.0.0, picocolors@^1.1.1:
  version "1.1.1"
  resolved "https://registry.npmjs.org/picocolors/-/picocolors-1.1.1.tgz"
  integrity sha512-xceH2snhtb5M9liqDsmEw56le376mTZkEX/jEb/RxNFyegNul7eNslCXP9FDj/Lcu0X8KEyMceP2ntpaHrDEVA==

postcss@8.4.31:
  version "8.4.31"
  resolved "https://registry.npmjs.org/postcss/-/postcss-8.4.31.tgz"
  integrity sha512-PS08Iboia9mts/2ygV3eLpY5ghnUcfLV/EXTOW1E2qYxJKGGBUtNjN76FYHnMs36RmARn41bC0AZmn+rR0OVpQ==
  dependencies:
    nanoid "^3.3.6"
    picocolors "^1.0.0"
    source-map-js "^1.0.2"

postcss@^8.4.41, postcss@^8.5:
  version "8.5.6"
  resolved "https://registry.npmjs.org/postcss/-/postcss-8.5.6.tgz"
  integrity sha512-3Ybi1tAuwAP9s0r1UQ2J4n5Y0G05bJkpUIO0/bI9MhwmD70S5aTWbXGBwxHrelT+XM1k6dM0pk+SwNkpTRN7Pg==
  dependencies:
    nanoid "^3.3.11"
    picocolors "^1.1.1"
    source-map-js "^1.2.1"

react-dom@^18:
  version "18.3.1"
  resolved "https://registry.npmjs.org/react-dom/-/react-dom-18.3.1.tgz"
  integrity sha512-5m4nQKp+rZRb09LNH59GM4BxTh9251/ylbKIbpe7TpGxfJ+9kv6BLkLBXIjjspbgbnIBNqlI23tRnTWT0snUIw==
  dependencies:
    loose-envify "^1.1.0"
    scheduler "^0.23.2"

react@^18:
  version "18.3.1"
  resolved "https://registry.npmjs.org/react/-/react-18.3.1.tgz"
  integrity sha512-wS+hAgJShR0KhEvPJArfuPVN1+Hz1t0Y6n5jLrGQbkb4urgPE/0Rve+1kMB1v/oWgHgm4WIcV+i7F2pTVj+2iQ==
  dependencies:
    loose-envify "^1.1.0"

scheduler@^0.23.2:
  version "0.23.2"
  resolved "https://registry.npmjs.org/scheduler/-/scheduler-0.23.2.tgz"
  integrity sha512-UOShsPwz7NrMUqhR6t0hWjFduvOzbtv7toDH1/hIrfRNIDBnnBWd0CwJTGvTpngVlmwGCdP9/Zl/tVrDqcuYzQ==
  dependencies:
    loose-envify "^1.1.0"

server-only@^0.0.1:
  version "0.0.1"
  resolved "https://registry.npmjs.org/server-only/-/server-only-0.0.1.tgz"
  integrity sha512-qepMx2JxAa5jjfzxG79yPPq+8BuFToHd1hm7kI+Z4zAq1ftQiP7HcxMhDDItrbtwVeLg/cY2JnKnrcFkmiswNA==

sonner@^2.0.7:
  version "2.0.7"
  resolved "https://registry.npmjs.org/sonner/-/sonner-2.0.7.tgz"
  integrity sha512-W6ZN4p58k8aDKA4XPcx2hpIQXBRAgyiWVkYhT7CvK6D3iAu7xjvVyhQHg2/iaKJZ1XVJ4r7XuwGL+WGEK37i9w==

source-map-js@^1.0.2, source-map-js@^1.2.1:
  version "1.2.1"
  resolved "https://registry.npmjs.org/source-map-js/-/source-map-js-1.2.1.tgz"
  integrity sha512-UXWMKhLOwVKb728IUtQPXxfYU+usdybtUrK/8uGE8CQMvrhOpwvzDBwj0QhSL7MQc7vIsISBG8VQ8+IDQxpfQA==

streamsearch@^1.1.0:
  version "1.1.0"
  resolved "https://registry.npmjs.org/streamsearch/-/streamsearch-1.1.0.tgz"
  integrity sha512-Mcc5wHehp9aXz1ax6bZUyY5afg9u2rv5cqQI3mRrYkGC8rW2hM02jWuwjtL++LS5qinSyhj2QfLyNsuc+VsExg==

styled-jsx@5.1.1:
  version "5.1.1"
  resolved "https://registry.npmjs.org/styled-jsx/-/styled-jsx-5.1.1.tgz"
  integrity sha512-pW7uC1l4mBZ8ugbiZrcIsiIvVx1UmTfw7UkC3Um2tmfUq9Bhk8IiyEIPl6F8agHgjzku6j0xQEZbfA5uSgSaCw==
  dependencies:
    client-only "0.0.1"

tailwind-merge@^2.5.5:
  version "2.6.0"
  resolved "https://registry.npmjs.org/tailwind-merge/-/tailwind-merge-2.6.0.tgz"
  integrity sha512-P+Vu1qXfzediirmHOC3xKGAYeZtPcV9g76X+xg2FD4tYgR71ewMA35Y3sCz3zhiN/dwefRpJX0yBcgwi1fXNQA==

tailwindcss-animate@^1.0.7:
  version "1.0.7"
  resolved "https://registry.npmjs.org/tailwindcss-animate/-/tailwindcss-animate-1.0.7.tgz"
  integrity sha512-bl6mpH3T7I3UFxuvDEXLxy/VuFxBk5bbzplh7tXI68mwMokNYd1t9qPBHlnyTwfa4JGC4zP516I1hYYtQ/vspA==

tailwindcss@4.1.13, tailwindcss@^4.1.9:
  version "4.1.13"
  resolved "https://registry.npmjs.org/tailwindcss/-/tailwindcss-4.1.13.tgz"
  integrity sha512-i+zidfmTqtwquj4hMEwdjshYYgMbOrPzb9a0M3ZgNa0JMoZeFC6bxZvO8yr8ozS6ix2SDz0+mvryPeBs2TFE+w==

tapable@^2.2.0:
  version "2.2.3"
  resolved "https://registry.npmjs.org/tapable/-/tapable-2.2.3.tgz"
  integrity sha512-ZL6DDuAlRlLGghwcfmSn9sK3Hr6ArtyudlSAiCqQ6IfE+b+HHbydbYDIG15IfS5do+7XQQBdBiubF/cV2dnDzg==

tar@^7.4.3:
  version "7.4.3"
  resolved "https://registry.npmjs.org/tar/-/tar-7.4.3.tgz"
  integrity sha512-5S7Va8hKfV7W5U6g3aYxXmlPoZVAwUMy9AOKyF2fVuZa2UD3qZjg578OrLRt8PcNN1PleVaL/5/yYATNL0ICUw==
  dependencies:
    "@isaacs/fs-minipass" "^4.0.0"
    chownr "^3.0.0"
    minipass "^7.1.2"
    minizlib "^3.0.1"
    mkdirp "^3.0.1"
    yallist "^5.0.0"

tslib@^2.4.0, tslib@^2.8.0:
  version "2.8.1"
  resolved "https://registry.yarnpkg.com/tslib/-/tslib-2.8.1.tgz#612efe4ed235d567e8aba5f2a5fab70280ade83f"
  integrity sha512-oJFu94HQb+KVduSUQL7wnpmqnfmLsOA/nAh6b6EH0wCEoK0/mPeXU6c3wKDV83MkOuHPRHtSXKKU99IBazS/2w==

tw-animate-css@1.3.3:
  version "1.3.3"
  resolved "https://registry.npmjs.org/tw-animate-css/-/tw-animate-css-1.3.3.tgz"
  integrity sha512-tXE2TRWrskc4TU3RDd7T8n8Np/wCfoeH9gz22c7PzYqNPQ9FBGFbWWzwL0JyHcFp+jHozmF76tbHfPAx22ua2Q==

typescript@^5:
  version "5.9.2"
  resolved "https://registry.npmjs.org/typescript/-/typescript-5.9.2.tgz"
  integrity sha512-CWBzXQrc/qOkhidw1OzBTQuYRbfyxDXJMVJ1XNwUHGROVmuaeiEm3OslpZ1RV96d7SKKjZKrSJu3+t/xlw3R9A==

undici-types@~6.21.0:
  version "6.21.0"
  resolved "https://registry.npmjs.org/undici-types/-/undici-types-6.21.0.tgz"
  integrity sha512-iwDZqg0QAGrg9Rav5H4n0M64c3mkR59cJ6wQp+7C4nI0gsmExaedaYLNO44eT4AtBBwjbTiGPMlt2Md0T9H9JQ==

yallist@^5.0.0:
  version "5.0.0"
  resolved "https://registry.npmjs.org/yallist/-/yallist-5.0.0.tgz"
  integrity sha512-YgvUTfwqyc7UXVMrB+SImsVYSmTS8X/tSrtdNZMImM+n7+QTriRXyXim0mBrTXNeqzVF0KWGgHPeiyViFFrNDw==
